// !$*UTF8*$!
{
	archiveVersion = 1;
	classes = {
	};
	objectVersion = 52;
	objects = {

/* Begin PBXBuildFile section */
		E91D8D0226AB345900B2410C /* DiscoverRemoteDataSource.swift in Sources */ = {isa = PBXBuildFile; fileRef = E91D8D0126AB345900B2410C /* DiscoverRemoteDataSource.swift */; };
		E91D8D0426AB347900B2410C /* DiscoverRepository.swift in Sources */ = {isa = PBXBuildFile; fileRef = E91D8D0326AB347900B2410C /* DiscoverRepository.swift */; };
		E91D8D0626AB34E500B2410C /* DiscoverResponse.swift in Sources */ = {isa = PBXBuildFile; fileRef = E91D8D0526AB34E500B2410C /* DiscoverResponse.swift */; };
		E91D8D0A26AB35FC00B2410C /* DiscoverModel.swift in Sources */ = {isa = PBXBuildFile; fileRef = E91D8D0926AB35FC00B2410C /* DiscoverModel.swift */; };
		E91D8D0C26AB366B00B2410C /* DiscoverUseCase.swift in Sources */ = {isa = PBXBuildFile; fileRef = E91D8D0B26AB366B00B2410C /* DiscoverUseCase.swift */; };
		E91D8D0F26AB387900B2410C /* DiscoverInjection.swift in Sources */ = {isa = PBXBuildFile; fileRef = E91D8D0E26AB387900B2410C /* DiscoverInjection.swift */; };
		E927125B26AFFC2400A4B78D /* AboutView.swift in Sources */ = {isa = PBXBuildFile; fileRef = E927125A26AFFC2400A4B78D /* AboutView.swift */; };
		E935852F26AA967E0066B6D3 /* NetXMovTests.swift in Sources */ = {isa = PBXBuildFile; fileRef = E935852E26AA967E0066B6D3 /* NetXMovTests.swift */; };
		E935853726AA96F00066B6D3 /* GenreMock.json in Resources */ = {isa = PBXBuildFile; fileRef = E935853626AA96F00066B6D3 /* GenreMock.json */; };
		E935853926AA9A590066B6D3 /* GenreList.swift in Sources */ = {isa = PBXBuildFile; fileRef = E935853826AA9A590066B6D3 /* GenreList.swift */; };
		E93F28E526AB11F500476F84 /* MovieView.swift in Sources */ = {isa = PBXBuildFile; fileRef = E93F28E426AB11F500476F84 /* MovieView.swift */; };
		E94B8E9426ABB5F4008B7AC0 /* SDWebImageSwiftUI in Frameworks */ = {isa = PBXBuildFile; productRef = E94B8E9326ABB5F4008B7AC0 /* SDWebImageSwiftUI */; };
		E94D178226AA4A1E00EC9A7C /* AppDelegate.swift in Sources */ = {isa = PBXBuildFile; fileRef = E94D178126AA4A1E00EC9A7C /* AppDelegate.swift */; };
		E94D178426AA4A1E00EC9A7C /* SceneDelegate.swift in Sources */ = {isa = PBXBuildFile; fileRef = E94D178326AA4A1E00EC9A7C /* SceneDelegate.swift */; };
		E94D178826AA4A1F00EC9A7C /* Assets.xcassets in Resources */ = {isa = PBXBuildFile; fileRef = E94D178726AA4A1F00EC9A7C /* Assets.xcassets */; };
		E94D178B26AA4A1F00EC9A7C /* Preview Assets.xcassets in Resources */ = {isa = PBXBuildFile; fileRef = E94D178A26AA4A1F00EC9A7C /* Preview Assets.xcassets */; };
		E94D178E26AA4A1F00EC9A7C /* LaunchScreen.storyboard in Resources */ = {isa = PBXBuildFile; fileRef = E94D178C26AA4A1F00EC9A7C /* LaunchScreen.storyboard */; };
		E94D17A426AA4A2000EC9A7C /* NetXMovUITests.swift in Sources */ = {isa = PBXBuildFile; fileRef = E94D17A326AA4A2000EC9A7C /* NetXMovUITests.swift */; };
		E9682E9B26AA5DB500A3B8D0 /* GenreResponse.swift in Sources */ = {isa = PBXBuildFile; fileRef = E9682E9A26AA5DB500A3B8D0 /* GenreResponse.swift */; };
		E9682E9D26AA5E6800A3B8D0 /* GenreRemoteDataSourceProtocol.swift in Sources */ = {isa = PBXBuildFile; fileRef = E9682E9C26AA5E6800A3B8D0 /* GenreRemoteDataSourceProtocol.swift */; };
		E9682EA026AA5EF400A3B8D0 /* NError.swift in Sources */ = {isa = PBXBuildFile; fileRef = E9682E9F26AA5EF400A3B8D0 /* NError.swift */; };
		E9682EA226AA5FB100A3B8D0 /* GenreLocalDataSourceProtocol.swift in Sources */ = {isa = PBXBuildFile; fileRef = E9682EA126AA5FB100A3B8D0 /* GenreLocalDataSourceProtocol.swift */; };
		E9682EA526AA600D00A3B8D0 /* GenreEntity.swift in Sources */ = {isa = PBXBuildFile; fileRef = E9682EA426AA600D00A3B8D0 /* GenreEntity.swift */; };
		E9682EA726AA616D00A3B8D0 /* GenreRepositoryProtocol.swift in Sources */ = {isa = PBXBuildFile; fileRef = E9682EA626AA616D00A3B8D0 /* GenreRepositoryProtocol.swift */; };
		E9682EAA26AA61B500A3B8D0 /* GenreModel.swift in Sources */ = {isa = PBXBuildFile; fileRef = E9682EA926AA61B500A3B8D0 /* GenreModel.swift */; };
		E9682EAC26AA61FA00A3B8D0 /* GenreUseCase.swift in Sources */ = {isa = PBXBuildFile; fileRef = E9682EAB26AA61FA00A3B8D0 /* GenreUseCase.swift */; };
		E9682EB126AA62E100A3B8D0 /* GenrePresenter.swift in Sources */ = {isa = PBXBuildFile; fileRef = E9682EB026AA62E100A3B8D0 /* GenrePresenter.swift */; };
		E9682EB426AA657400A3B8D0 /* NetworkManager.swift in Sources */ = {isa = PBXBuildFile; fileRef = E9682EB326AA657400A3B8D0 /* NetworkManager.swift */; };
		E9682EB726AA66BC00A3B8D0 /* Alamofire in Frameworks */ = {isa = PBXBuildFile; productRef = E9682EB626AA66BC00A3B8D0 /* Alamofire */; };
		E9682EBA26AA711100A3B8D0 /* RealmSwift in Frameworks */ = {isa = PBXBuildFile; productRef = E9682EB926AA711100A3B8D0 /* RealmSwift */; };
		E9682EBC26AA711100A3B8D0 /* Realm in Frameworks */ = {isa = PBXBuildFile; productRef = E9682EBB26AA711100A3B8D0 /* Realm */; };
		E9682EBF26AA734700A3B8D0 /* Injection.swift in Sources */ = {isa = PBXBuildFile; fileRef = E9682EBE26AA734700A3B8D0 /* Injection.swift */; };
		E9682EC726AA7D9000A3B8D0 /* MainView.swift in Sources */ = {isa = PBXBuildFile; fileRef = E9682EC626AA7D9000A3B8D0 /* MainView.swift */; };
		E973B34226AD4231004CC219 /* ReviewRow.swift in Sources */ = {isa = PBXBuildFile; fileRef = E973B34126AD4231004CC219 /* ReviewRow.swift */; };
		E973B34526AD4F5E004CC219 /* Modifier.swift in Sources */ = {isa = PBXBuildFile; fileRef = E973B34426AD4F5E004CC219 /* Modifier.swift */; };
		E9AB197926B0B585007B47CF /* RxSwift in Frameworks */ = {isa = PBXBuildFile; productRef = E9AB197826B0B585007B47CF /* RxSwift */; };
		E9AB197B26B0B585007B47CF /* RxCocoa in Frameworks */ = {isa = PBXBuildFile; productRef = E9AB197A26B0B585007B47CF /* RxCocoa */; };
		E9B3B0E326ADB2F300707415 /* MovieRow.swift in Sources */ = {isa = PBXBuildFile; fileRef = E9B3B0E226ADB2F300707415 /* MovieRow.swift */; };
		E9B3B0F426ADCEE900707415 /* FavoriteEntity.swift in Sources */ = {isa = PBXBuildFile; fileRef = E9B3B0F326ADCEE900707415 /* FavoriteEntity.swift */; };
		E9B3B0F626ADCF9300707415 /* LocaleFavoriteDataSource.swift in Sources */ = {isa = PBXBuildFile; fileRef = E9B3B0F526ADCF9300707415 /* LocaleFavoriteDataSource.swift */; };
		E9B3B0F826ADD64200707415 /* LocaleMovieDataSource.swift in Sources */ = {isa = PBXBuildFile; fileRef = E9B3B0F726ADD64200707415 /* LocaleMovieDataSource.swift */; };
		E9B3B0FA26ADE38100707415 /* FavoriteRepository.swift in Sources */ = {isa = PBXBuildFile; fileRef = E9B3B0F926ADE38100707415 /* FavoriteRepository.swift */; };
		E9B3B0FE26ADE81900707415 /* FavoriteUsecase.swift in Sources */ = {isa = PBXBuildFile; fileRef = E9B3B0FD26ADE81900707415 /* FavoriteUsecase.swift */; };
		E9B3B10126ADE90C00707415 /* FavoriteInjection.swift in Sources */ = {isa = PBXBuildFile; fileRef = E9B3B10026ADE90C00707415 /* FavoriteInjection.swift */; };
		E9B3B10326ADEA3700707415 /* FavoritePresenter.swift in Sources */ = {isa = PBXBuildFile; fileRef = E9B3B10226ADEA3700707415 /* FavoritePresenter.swift */; };
		E9B3B10726ADEC0D00707415 /* FavoriteView.swift in Sources */ = {isa = PBXBuildFile; fileRef = E9B3B10626ADEC0D00707415 /* FavoriteView.swift */; };
		E9B626D226B36BF200C62D2C /* TextView.swift in Sources */ = {isa = PBXBuildFile; fileRef = E9B626D126B36BF200C62D2C /* TextView.swift */; };
		E9B626D426B36C6100C62D2C /* AvatarView.swift in Sources */ = {isa = PBXBuildFile; fileRef = E9B626D326B36C6100C62D2C /* AvatarView.swift */; };
		E9B626D626B36D9400C62D2C /* FavoriteRouter.swift in Sources */ = {isa = PBXBuildFile; fileRef = E9B626D526B36D9400C62D2C /* FavoriteRouter.swift */; };
		E9B626D926B36FD500C62D2C /* BasePresenter.swift in Sources */ = {isa = PBXBuildFile; fileRef = E9B626D826B36FD500C62D2C /* BasePresenter.swift */; };
		E9B626DB26B37AD900C62D2C /* FavoriteRow.swift in Sources */ = {isa = PBXBuildFile; fileRef = E9B626DA26B37AD900C62D2C /* FavoriteRow.swift */; };
		E9B6D46126AD2FB700CC8F55 /* DetailView.swift in Sources */ = {isa = PBXBuildFile; fileRef = E9B6D46026AD2FB700CC8F55 /* DetailView.swift */; };
		E9CB2BCF26AD82F80072378A /* ReviewInjection.swift in Sources */ = {isa = PBXBuildFile; fileRef = E9CB2BCE26AD82F80072378A /* ReviewInjection.swift */; };
		E9CB2BD326AD87050072378A /* DetailReview.swift in Sources */ = {isa = PBXBuildFile; fileRef = E9CB2BD226AD87050072378A /* DetailReview.swift */; };
		E9CB2BD626AD87470072378A /* BlurView.swift in Sources */ = {isa = PBXBuildFile; fileRef = E9CB2BD526AD87470072378A /* BlurView.swift */; };
		E9DF3E6F26AC67690014B2EA /* GenreRouter.swift in Sources */ = {isa = PBXBuildFile; fileRef = E9DF3E6E26AC67690014B2EA /* GenreRouter.swift */; };
		E9DF3E7326AC68000014B2EA /* DetailMovieView.swift in Sources */ = {isa = PBXBuildFile; fileRef = E9DF3E7226AC68000014B2EA /* DetailMovieView.swift */; };
		E9DF3E7E26AC817B0014B2EA /* String+DateFormatter.swift in Sources */ = {isa = PBXBuildFile; fileRef = E9DF3E7D26AC817B0014B2EA /* String+DateFormatter.swift */; };
		E9DF3E8026AC82E00014B2EA /* ReviewRemoteDataSource.swift in Sources */ = {isa = PBXBuildFile; fileRef = E9DF3E7F26AC82E00014B2EA /* ReviewRemoteDataSource.swift */; };
		E9DF3E8226AC83F10014B2EA /* ReviewResponse.swift in Sources */ = {isa = PBXBuildFile; fileRef = E9DF3E8126AC83F10014B2EA /* ReviewResponse.swift */; };
		E9DF3E8426AC846F0014B2EA /* ReviewModel.swift in Sources */ = {isa = PBXBuildFile; fileRef = E9DF3E8326AC846F0014B2EA /* ReviewModel.swift */; };
		E9DF3E8626AC85290014B2EA /* String+URL.swift in Sources */ = {isa = PBXBuildFile; fileRef = E9DF3E8526AC85290014B2EA /* String+URL.swift */; };
		E9DF3E8826AC85B10014B2EA /* ReviewUsecase.swift in Sources */ = {isa = PBXBuildFile; fileRef = E9DF3E8726AC85B10014B2EA /* ReviewUsecase.swift */; };
		E9DF3E8A26AC86190014B2EA /* ReviewRepository.swift in Sources */ = {isa = PBXBuildFile; fileRef = E9DF3E8926AC86190014B2EA /* ReviewRepository.swift */; };
		E9DF3E8F26ACA6070014B2EA /* DetailPresenter.swift in Sources */ = {isa = PBXBuildFile; fileRef = E9DF3E8E26ACA6070014B2EA /* DetailPresenter.swift */; };
/* End PBXBuildFile section */

/* Begin PBXContainerItemProxy section */
		E935853126AA967E0066B6D3 /* PBXContainerItemProxy */ = {
			isa = PBXContainerItemProxy;
			containerPortal = E94D177626AA4A1E00EC9A7C /* Project object */;
			proxyType = 1;
			remoteGlobalIDString = E94D177D26AA4A1E00EC9A7C;
			remoteInfo = NetXMov;
		};
		E94D17A026AA4A2000EC9A7C /* PBXContainerItemProxy */ = {
			isa = PBXContainerItemProxy;
			containerPortal = E94D177626AA4A1E00EC9A7C /* Project object */;
			proxyType = 1;
			remoteGlobalIDString = E94D177D26AA4A1E00EC9A7C;
			remoteInfo = NetXMov;
		};
/* End PBXContainerItemProxy section */

/* Begin PBXFileReference section */
		E91D8D0126AB345900B2410C /* DiscoverRemoteDataSource.swift */ = {isa = PBXFileReference; lastKnownFileType = sourcecode.swift; path = DiscoverRemoteDataSource.swift; sourceTree = "<group>"; };
		E91D8D0326AB347900B2410C /* DiscoverRepository.swift */ = {isa = PBXFileReference; lastKnownFileType = sourcecode.swift; path = DiscoverRepository.swift; sourceTree = "<group>"; };
		E91D8D0526AB34E500B2410C /* DiscoverResponse.swift */ = {isa = PBXFileReference; lastKnownFileType = sourcecode.swift; path = DiscoverResponse.swift; sourceTree = "<group>"; };
		E91D8D0926AB35FC00B2410C /* DiscoverModel.swift */ = {isa = PBXFileReference; lastKnownFileType = sourcecode.swift; path = DiscoverModel.swift; sourceTree = "<group>"; };
		E91D8D0B26AB366B00B2410C /* DiscoverUseCase.swift */ = {isa = PBXFileReference; lastKnownFileType = sourcecode.swift; path = DiscoverUseCase.swift; sourceTree = "<group>"; };
		E91D8D0E26AB387900B2410C /* DiscoverInjection.swift */ = {isa = PBXFileReference; lastKnownFileType = sourcecode.swift; path = DiscoverInjection.swift; sourceTree = "<group>"; };
		E927125A26AFFC2400A4B78D /* AboutView.swift */ = {isa = PBXFileReference; lastKnownFileType = sourcecode.swift; path = AboutView.swift; sourceTree = "<group>"; };
		E935852C26AA967E0066B6D3 /* NetXMovTests.xctest */ = {isa = PBXFileReference; explicitFileType = wrapper.cfbundle; includeInIndex = 0; path = NetXMovTests.xctest; sourceTree = BUILT_PRODUCTS_DIR; };
		E935852E26AA967E0066B6D3 /* NetXMovTests.swift */ = {isa = PBXFileReference; lastKnownFileType = sourcecode.swift; path = NetXMovTests.swift; sourceTree = "<group>"; };
		E935853026AA967E0066B6D3 /* Info.plist */ = {isa = PBXFileReference; lastKnownFileType = text.plist.xml; path = Info.plist; sourceTree = "<group>"; };
		E935853626AA96F00066B6D3 /* GenreMock.json */ = {isa = PBXFileReference; lastKnownFileType = text.json; path = GenreMock.json; sourceTree = "<group>"; };
		E935853826AA9A590066B6D3 /* GenreList.swift */ = {isa = PBXFileReference; lastKnownFileType = sourcecode.swift; path = GenreList.swift; sourceTree = "<group>"; };
		E93F28E426AB11F500476F84 /* MovieView.swift */ = {isa = PBXFileReference; lastKnownFileType = sourcecode.swift; path = MovieView.swift; sourceTree = "<group>"; };
		E94D177E26AA4A1E00EC9A7C /* NetXMov.app */ = {isa = PBXFileReference; explicitFileType = wrapper.application; includeInIndex = 0; path = NetXMov.app; sourceTree = BUILT_PRODUCTS_DIR; };
		E94D178126AA4A1E00EC9A7C /* AppDelegate.swift */ = {isa = PBXFileReference; lastKnownFileType = sourcecode.swift; path = AppDelegate.swift; sourceTree = "<group>"; };
		E94D178326AA4A1E00EC9A7C /* SceneDelegate.swift */ = {isa = PBXFileReference; lastKnownFileType = sourcecode.swift; path = SceneDelegate.swift; sourceTree = "<group>"; };
		E94D178726AA4A1F00EC9A7C /* Assets.xcassets */ = {isa = PBXFileReference; lastKnownFileType = folder.assetcatalog; path = Assets.xcassets; sourceTree = "<group>"; };
		E94D178A26AA4A1F00EC9A7C /* Preview Assets.xcassets */ = {isa = PBXFileReference; lastKnownFileType = folder.assetcatalog; path = "Preview Assets.xcassets"; sourceTree = "<group>"; };
		E94D178D26AA4A1F00EC9A7C /* Base */ = {isa = PBXFileReference; lastKnownFileType = file.storyboard; name = Base; path = Base.lproj/LaunchScreen.storyboard; sourceTree = "<group>"; };
		E94D178F26AA4A1F00EC9A7C /* Info.plist */ = {isa = PBXFileReference; lastKnownFileType = text.plist.xml; path = Info.plist; sourceTree = "<group>"; };
		E94D179F26AA4A2000EC9A7C /* NetXMovUITests.xctest */ = {isa = PBXFileReference; explicitFileType = wrapper.cfbundle; includeInIndex = 0; path = NetXMovUITests.xctest; sourceTree = BUILT_PRODUCTS_DIR; };
		E94D17A326AA4A2000EC9A7C /* NetXMovUITests.swift */ = {isa = PBXFileReference; lastKnownFileType = sourcecode.swift; path = NetXMovUITests.swift; sourceTree = "<group>"; };
		E94D17A526AA4A2000EC9A7C /* Info.plist */ = {isa = PBXFileReference; lastKnownFileType = text.plist.xml; path = Info.plist; sourceTree = "<group>"; };
		E9682E9A26AA5DB500A3B8D0 /* GenreResponse.swift */ = {isa = PBXFileReference; lastKnownFileType = sourcecode.swift; path = GenreResponse.swift; sourceTree = "<group>"; };
		E9682E9C26AA5E6800A3B8D0 /* GenreRemoteDataSourceProtocol.swift */ = {isa = PBXFileReference; lastKnownFileType = sourcecode.swift; path = GenreRemoteDataSourceProtocol.swift; sourceTree = "<group>"; };
		E9682E9F26AA5EF400A3B8D0 /* NError.swift */ = {isa = PBXFileReference; lastKnownFileType = sourcecode.swift; path = NError.swift; sourceTree = "<group>"; };
		E9682EA126AA5FB100A3B8D0 /* GenreLocalDataSourceProtocol.swift */ = {isa = PBXFileReference; lastKnownFileType = sourcecode.swift; path = GenreLocalDataSourceProtocol.swift; sourceTree = "<group>"; };
		E9682EA426AA600D00A3B8D0 /* GenreEntity.swift */ = {isa = PBXFileReference; lastKnownFileType = sourcecode.swift; path = GenreEntity.swift; sourceTree = "<group>"; };
		E9682EA626AA616D00A3B8D0 /* GenreRepositoryProtocol.swift */ = {isa = PBXFileReference; lastKnownFileType = sourcecode.swift; path = GenreRepositoryProtocol.swift; sourceTree = "<group>"; };
		E9682EA926AA61B500A3B8D0 /* GenreModel.swift */ = {isa = PBXFileReference; lastKnownFileType = sourcecode.swift; path = GenreModel.swift; sourceTree = "<group>"; };
		E9682EAB26AA61FA00A3B8D0 /* GenreUseCase.swift */ = {isa = PBXFileReference; lastKnownFileType = sourcecode.swift; path = GenreUseCase.swift; sourceTree = "<group>"; };
		E9682EB026AA62E100A3B8D0 /* GenrePresenter.swift */ = {isa = PBXFileReference; lastKnownFileType = sourcecode.swift; path = GenrePresenter.swift; sourceTree = "<group>"; };
		E9682EB326AA657400A3B8D0 /* NetworkManager.swift */ = {isa = PBXFileReference; lastKnownFileType = sourcecode.swift; path = NetworkManager.swift; sourceTree = "<group>"; };
		E9682EBE26AA734700A3B8D0 /* Injection.swift */ = {isa = PBXFileReference; lastKnownFileType = sourcecode.swift; path = Injection.swift; sourceTree = "<group>"; };
		E9682EC626AA7D9000A3B8D0 /* MainView.swift */ = {isa = PBXFileReference; lastKnownFileType = sourcecode.swift; path = MainView.swift; sourceTree = "<group>"; };
		E973B34126AD4231004CC219 /* ReviewRow.swift */ = {isa = PBXFileReference; lastKnownFileType = sourcecode.swift; path = ReviewRow.swift; sourceTree = "<group>"; };
		E973B34426AD4F5E004CC219 /* Modifier.swift */ = {isa = PBXFileReference; lastKnownFileType = sourcecode.swift; path = Modifier.swift; sourceTree = "<group>"; };
		E9B3B0E226ADB2F300707415 /* MovieRow.swift */ = {isa = PBXFileReference; lastKnownFileType = sourcecode.swift; path = MovieRow.swift; sourceTree = "<group>"; };
		E9B3B0F326ADCEE900707415 /* FavoriteEntity.swift */ = {isa = PBXFileReference; lastKnownFileType = sourcecode.swift; path = FavoriteEntity.swift; sourceTree = "<group>"; };
		E9B3B0F526ADCF9300707415 /* LocaleFavoriteDataSource.swift */ = {isa = PBXFileReference; lastKnownFileType = sourcecode.swift; path = LocaleFavoriteDataSource.swift; sourceTree = "<group>"; };
		E9B3B0F726ADD64200707415 /* LocaleMovieDataSource.swift */ = {isa = PBXFileReference; lastKnownFileType = sourcecode.swift; path = LocaleMovieDataSource.swift; sourceTree = "<group>"; };
		E9B3B0F926ADE38100707415 /* FavoriteRepository.swift */ = {isa = PBXFileReference; lastKnownFileType = sourcecode.swift; path = FavoriteRepository.swift; sourceTree = "<group>"; };
		E9B3B0FD26ADE81900707415 /* FavoriteUsecase.swift */ = {isa = PBXFileReference; lastKnownFileType = sourcecode.swift; path = FavoriteUsecase.swift; sourceTree = "<group>"; };
		E9B3B10026ADE90C00707415 /* FavoriteInjection.swift */ = {isa = PBXFileReference; lastKnownFileType = sourcecode.swift; path = FavoriteInjection.swift; sourceTree = "<group>"; };
		E9B3B10226ADEA3700707415 /* FavoritePresenter.swift */ = {isa = PBXFileReference; lastKnownFileType = sourcecode.swift; path = FavoritePresenter.swift; sourceTree = "<group>"; };
		E9B3B10626ADEC0D00707415 /* FavoriteView.swift */ = {isa = PBXFileReference; lastKnownFileType = sourcecode.swift; path = FavoriteView.swift; sourceTree = "<group>"; };
		E9B626D126B36BF200C62D2C /* TextView.swift */ = {isa = PBXFileReference; lastKnownFileType = sourcecode.swift; path = TextView.swift; sourceTree = "<group>"; };
		E9B626D326B36C6100C62D2C /* AvatarView.swift */ = {isa = PBXFileReference; lastKnownFileType = sourcecode.swift; path = AvatarView.swift; sourceTree = "<group>"; };
		E9B626D526B36D9400C62D2C /* FavoriteRouter.swift */ = {isa = PBXFileReference; lastKnownFileType = sourcecode.swift; path = FavoriteRouter.swift; sourceTree = "<group>"; };
		E9B626D826B36FD500C62D2C /* BasePresenter.swift */ = {isa = PBXFileReference; lastKnownFileType = sourcecode.swift; path = BasePresenter.swift; sourceTree = "<group>"; };
		E9B626DA26B37AD900C62D2C /* FavoriteRow.swift */ = {isa = PBXFileReference; lastKnownFileType = sourcecode.swift; path = FavoriteRow.swift; sourceTree = "<group>"; };
		E9B6D46026AD2FB700CC8F55 /* DetailView.swift */ = {isa = PBXFileReference; lastKnownFileType = sourcecode.swift; path = DetailView.swift; sourceTree = "<group>"; };
		E9CB2BCE26AD82F80072378A /* ReviewInjection.swift */ = {isa = PBXFileReference; lastKnownFileType = sourcecode.swift; path = ReviewInjection.swift; sourceTree = "<group>"; };
		E9CB2BD226AD87050072378A /* DetailReview.swift */ = {isa = PBXFileReference; lastKnownFileType = sourcecode.swift; path = DetailReview.swift; sourceTree = "<group>"; };
		E9CB2BD526AD87470072378A /* BlurView.swift */ = {isa = PBXFileReference; lastKnownFileType = sourcecode.swift; path = BlurView.swift; sourceTree = "<group>"; };
		E9DF3E6E26AC67690014B2EA /* GenreRouter.swift */ = {isa = PBXFileReference; lastKnownFileType = sourcecode.swift; path = GenreRouter.swift; sourceTree = "<group>"; };
		E9DF3E7226AC68000014B2EA /* DetailMovieView.swift */ = {isa = PBXFileReference; lastKnownFileType = sourcecode.swift; path = DetailMovieView.swift; sourceTree = "<group>"; };
		E9DF3E7D26AC817B0014B2EA /* String+DateFormatter.swift */ = {isa = PBXFileReference; lastKnownFileType = sourcecode.swift; path = "String+DateFormatter.swift"; sourceTree = "<group>"; };
		E9DF3E7F26AC82E00014B2EA /* ReviewRemoteDataSource.swift */ = {isa = PBXFileReference; lastKnownFileType = sourcecode.swift; path = ReviewRemoteDataSource.swift; sourceTree = "<group>"; };
		E9DF3E8126AC83F10014B2EA /* ReviewResponse.swift */ = {isa = PBXFileReference; lastKnownFileType = sourcecode.swift; path = ReviewResponse.swift; sourceTree = "<group>"; };
		E9DF3E8326AC846F0014B2EA /* ReviewModel.swift */ = {isa = PBXFileReference; lastKnownFileType = sourcecode.swift; path = ReviewModel.swift; sourceTree = "<group>"; };
		E9DF3E8526AC85290014B2EA /* String+URL.swift */ = {isa = PBXFileReference; lastKnownFileType = sourcecode.swift; path = "String+URL.swift"; sourceTree = "<group>"; };
		E9DF3E8726AC85B10014B2EA /* ReviewUsecase.swift */ = {isa = PBXFileReference; lastKnownFileType = sourcecode.swift; path = ReviewUsecase.swift; sourceTree = "<group>"; };
		E9DF3E8926AC86190014B2EA /* ReviewRepository.swift */ = {isa = PBXFileReference; lastKnownFileType = sourcecode.swift; path = ReviewRepository.swift; sourceTree = "<group>"; };
		E9DF3E8E26ACA6070014B2EA /* DetailPresenter.swift */ = {isa = PBXFileReference; lastKnownFileType = sourcecode.swift; path = DetailPresenter.swift; sourceTree = "<group>"; };
/* End PBXFileReference section */

/* Begin PBXFrameworksBuildPhase section */
		E935852926AA967E0066B6D3 /* Frameworks */ = {
			isa = PBXFrameworksBuildPhase;
			buildActionMask = 2147483647;
			files = (
			);
			runOnlyForDeploymentPostprocessing = 0;
		};
		E94D177B26AA4A1E00EC9A7C /* Frameworks */ = {
			isa = PBXFrameworksBuildPhase;
			buildActionMask = 2147483647;
			files = (
				E9AB197B26B0B585007B47CF /* RxCocoa in Frameworks */,
				E94B8E9426ABB5F4008B7AC0 /* SDWebImageSwiftUI in Frameworks */,
				E9682EBC26AA711100A3B8D0 /* Realm in Frameworks */,
				E9AB197926B0B585007B47CF /* RxSwift in Frameworks */,
				E9682EBA26AA711100A3B8D0 /* RealmSwift in Frameworks */,
				E9682EB726AA66BC00A3B8D0 /* Alamofire in Frameworks */,
			);
			runOnlyForDeploymentPostprocessing = 0;
		};
		E94D179C26AA4A2000EC9A7C /* Frameworks */ = {
			isa = PBXFrameworksBuildPhase;
			buildActionMask = 2147483647;
			files = (
			);
			runOnlyForDeploymentPostprocessing = 0;
		};
/* End PBXFrameworksBuildPhase section */

/* Begin PBXGroup section */
		E91D8CFD26AB342700B2410C /* Model */ = {
			isa = PBXGroup;
			children = (
				E91D8D0526AB34E500B2410C /* DiscoverResponse.swift */,
			);
			path = Model;
			sourceTree = "<group>";
		};
		E91D8CFE26AB342D00B2410C /* Repository */ = {
			isa = PBXGroup;
			children = (
				E91D8D0326AB347900B2410C /* DiscoverRepository.swift */,
			);
			path = Repository;
			sourceTree = "<group>";
		};
		E91D8CFF26AB343300B2410C /* Remote */ = {
			isa = PBXGroup;
			children = (
				E91D8D0126AB345900B2410C /* DiscoverRemoteDataSource.swift */,
			);
			path = Remote;
			sourceTree = "<group>";
		};
		E91D8D0026AB343D00B2410C /* Locale */ = {
			isa = PBXGroup;
			children = (
				E9B3B0F726ADD64200707415 /* LocaleMovieDataSource.swift */,
			);
			path = Locale;
			sourceTree = "<group>";
		};
		E91D8D0726AB35E100B2410C /* UseCase */ = {
			isa = PBXGroup;
			children = (
				E91D8D0B26AB366B00B2410C /* DiscoverUseCase.swift */,
			);
			path = UseCase;
			sourceTree = "<group>";
		};
		E91D8D0826AB35ED00B2410C /* Entity */ = {
			isa = PBXGroup;
			children = (
				E91D8D0926AB35FC00B2410C /* DiscoverModel.swift */,
			);
			path = Entity;
			sourceTree = "<group>";
		};
		E91D8D0D26AB385100B2410C /* Injector */ = {
			isa = PBXGroup;
			children = (
				E91D8D0E26AB387900B2410C /* DiscoverInjection.swift */,
			);
			path = Injector;
			sourceTree = "<group>";
		};
		E927125526AFFBD100A4B78D /* About */ = {
			isa = PBXGroup;
			children = (
				E927125626AFFBDB00A4B78D /* View */,
			);
			path = About;
			sourceTree = "<group>";
		};
		E927125626AFFBDB00A4B78D /* View */ = {
			isa = PBXGroup;
			children = (
				E927125C26AFFC2800A4B78D /* UI */,
			);
			path = View;
			sourceTree = "<group>";
		};
		E927125726AFFBF200A4B78D /* View */ = {
			isa = PBXGroup;
			children = (
				E93F28E126AB11DA00476F84 /* UI */,
			);
			path = View;
			sourceTree = "<group>";
		};
		E927125826AFFBFD00A4B78D /* View */ = {
			isa = PBXGroup;
			children = (
				E94D17BB26AA4BEB00EC9A7C /* UI */,
			);
			path = View;
			sourceTree = "<group>";
		};
		E927125926AFFC0900A4B78D /* View */ = {
			isa = PBXGroup;
			children = (
				E94D17B826AA4BBD00EC9A7C /* UI */,
			);
			path = View;
			sourceTree = "<group>";
		};
		E927125C26AFFC2800A4B78D /* UI */ = {
			isa = PBXGroup;
			children = (
				E927125A26AFFC2400A4B78D /* AboutView.swift */,
				E9B626D126B36BF200C62D2C /* TextView.swift */,
			);
			path = UI;
			sourceTree = "<group>";
		};
		E935852D26AA967E0066B6D3 /* NetXMovTests */ = {
			isa = PBXGroup;
			children = (
				E935852E26AA967E0066B6D3 /* NetXMovTests.swift */,
				E935853026AA967E0066B6D3 /* Info.plist */,
				E935853626AA96F00066B6D3 /* GenreMock.json */,
			);
			path = NetXMovTests;
			sourceTree = "<group>";
		};
		E93F28E026AB11D200476F84 /* Movie */ = {
			isa = PBXGroup;
			children = (
				E927125726AFFBF200A4B78D /* View */,
				E91D8D0D26AB385100B2410C /* Injector */,
				E93F28E326AB11E100476F84 /* Domain */,
				E93F28E226AB11DD00476F84 /* Data */,
			);
			path = Movie;
			sourceTree = "<group>";
		};
		E93F28E126AB11DA00476F84 /* UI */ = {
			isa = PBXGroup;
			children = (
				E93F28E426AB11F500476F84 /* MovieView.swift */,
				E9B3B0E226ADB2F300707415 /* MovieRow.swift */,
			);
			path = UI;
			sourceTree = "<group>";
		};
		E93F28E226AB11DD00476F84 /* Data */ = {
			isa = PBXGroup;
			children = (
				E91D8D0026AB343D00B2410C /* Locale */,
				E91D8CFF26AB343300B2410C /* Remote */,
				E91D8CFE26AB342D00B2410C /* Repository */,
				E91D8CFD26AB342700B2410C /* Model */,
			);
			path = Data;
			sourceTree = "<group>";
		};
		E93F28E326AB11E100476F84 /* Domain */ = {
			isa = PBXGroup;
			children = (
				E91D8D0826AB35ED00B2410C /* Entity */,
				E91D8D0726AB35E100B2410C /* UseCase */,
			);
			path = Domain;
			sourceTree = "<group>";
		};
		E94D177526AA4A1E00EC9A7C = {
			isa = PBXGroup;
			children = (
				E94D178026AA4A1E00EC9A7C /* NetXMov */,
				E94D17A226AA4A2000EC9A7C /* NetXMovUITests */,
				E935852D26AA967E0066B6D3 /* NetXMovTests */,
				E94D177F26AA4A1E00EC9A7C /* Products */,
			);
			sourceTree = "<group>";
		};
		E94D177F26AA4A1E00EC9A7C /* Products */ = {
			isa = PBXGroup;
			children = (
				E94D177E26AA4A1E00EC9A7C /* NetXMov.app */,
				E94D179F26AA4A2000EC9A7C /* NetXMovUITests.xctest */,
				E935852C26AA967E0066B6D3 /* NetXMovTests.xctest */,
			);
			name = Products;
			sourceTree = "<group>";
		};
		E94D178026AA4A1E00EC9A7C /* NetXMov */ = {
			isa = PBXGroup;
			children = (
				E9682EC026AA7CAE00A3B8D0 /* Base */,
				E94D17B326AA4B8200EC9A7C /* Features */,
				E94D17B226AA4A8100EC9A7C /* SupportFiles */,
				E94D17B126AA4A6700EC9A7C /* App */,
				E94D178926AA4A1F00EC9A7C /* Preview Content */,
			);
			path = NetXMov;
			sourceTree = "<group>";
		};
		E94D178926AA4A1F00EC9A7C /* Preview Content */ = {
			isa = PBXGroup;
			children = (
				E94D178A26AA4A1F00EC9A7C /* Preview Assets.xcassets */,
			);
			path = "Preview Content";
			sourceTree = "<group>";
		};
		E94D17A226AA4A2000EC9A7C /* NetXMovUITests */ = {
			isa = PBXGroup;
			children = (
				E94D17A326AA4A2000EC9A7C /* NetXMovUITests.swift */,
				E94D17A526AA4A2000EC9A7C /* Info.plist */,
			);
			path = NetXMovUITests;
			sourceTree = "<group>";
		};
		E94D17B126AA4A6700EC9A7C /* App */ = {
			isa = PBXGroup;
			children = (
				E9682EC626AA7D9000A3B8D0 /* MainView.swift */,
				E94D178126AA4A1E00EC9A7C /* AppDelegate.swift */,
				E94D178326AA4A1E00EC9A7C /* SceneDelegate.swift */,
			);
			path = App;
			sourceTree = "<group>";
		};
		E94D17B226AA4A8100EC9A7C /* SupportFiles */ = {
			isa = PBXGroup;
			children = (
				E94D178726AA4A1F00EC9A7C /* Assets.xcassets */,
				E94D178C26AA4A1F00EC9A7C /* LaunchScreen.storyboard */,
				E94D178F26AA4A1F00EC9A7C /* Info.plist */,
			);
			path = SupportFiles;
			sourceTree = "<group>";
		};
		E94D17B326AA4B8200EC9A7C /* Features */ = {
			isa = PBXGroup;
			children = (
				E927125526AFFBD100A4B78D /* About */,
				E9B3B0E626ADCE1300707415 /* Favorite */,
				E9CB2BC326AD82180072378A /* Review */,
				E9CB2BC026AD819A0072378A /* DetailReview */,
				E93F28E026AB11D200476F84 /* Movie */,
				E94D17B526AA4BA000EC9A7C /* DetailMovie */,
				E94D17B426AA4B8B00EC9A7C /* Genre */,
			);
			path = Features;
			sourceTree = "<group>";
		};
		E94D17B426AA4B8B00EC9A7C /* Genre */ = {
			isa = PBXGroup;
			children = (
				E927125926AFFC0900A4B78D /* View */,
				E9682EBD26AA733900A3B8D0 /* Injection */,
				E94D17B726AA4BB800EC9A7C /* Domain */,
				E94D17B626AA4BB300EC9A7C /* Data */,
			);
			path = Genre;
			sourceTree = "<group>";
		};
		E94D17B526AA4BA000EC9A7C /* DetailMovie */ = {
			isa = PBXGroup;
			children = (
				E927125826AFFBFD00A4B78D /* View */,
			);
			path = DetailMovie;
			sourceTree = "<group>";
		};
		E94D17B626AA4BB300EC9A7C /* Data */ = {
			isa = PBXGroup;
			children = (
				E94D17BF26AA4C2C00EC9A7C /* Repository */,
				E94D17BE26AA4C2000EC9A7C /* Locale */,
				E94D17BD26AA4C1100EC9A7C /* Remote */,
				E94D17BC26AA4C0300EC9A7C /* Model */,
			);
			path = Data;
			sourceTree = "<group>";
		};
		E94D17B726AA4BB800EC9A7C /* Domain */ = {
			isa = PBXGroup;
			children = (
				E9682EAD26AA61FF00A3B8D0 /* UseCase */,
				E9682EA826AA61A700A3B8D0 /* Model */,
			);
			path = Domain;
			sourceTree = "<group>";
		};
		E94D17B826AA4BBD00EC9A7C /* UI */ = {
			isa = PBXGroup;
			children = (
				E9DF3E6D26AC67100014B2EA /* Router */,
				E9682EAF26AA62CE00A3B8D0 /* Presenter */,
				E9682EAE26AA62C800A3B8D0 /* View */,
			);
			path = UI;
			sourceTree = "<group>";
		};
		E94D17BB26AA4BEB00EC9A7C /* UI */ = {
			isa = PBXGroup;
			children = (
				E9B6D45F26AD2F9500CC8F55 /* Views */,
				E9DF3E8D26ACA5F00014B2EA /* Presenter */,
				E9DF3E7226AC68000014B2EA /* DetailMovieView.swift */,
			);
			path = UI;
			sourceTree = "<group>";
		};
		E94D17BC26AA4C0300EC9A7C /* Model */ = {
			isa = PBXGroup;
			children = (
				E9682E9A26AA5DB500A3B8D0 /* GenreResponse.swift */,
			);
			path = Model;
			sourceTree = "<group>";
		};
		E94D17BD26AA4C1100EC9A7C /* Remote */ = {
			isa = PBXGroup;
			children = (
				E9682E9C26AA5E6800A3B8D0 /* GenreRemoteDataSourceProtocol.swift */,
			);
			path = Remote;
			sourceTree = "<group>";
		};
		E94D17BE26AA4C2000EC9A7C /* Locale */ = {
			isa = PBXGroup;
			children = (
				E9682EA326AA5FFB00A3B8D0 /* Entity */,
				E9682EA126AA5FB100A3B8D0 /* GenreLocalDataSourceProtocol.swift */,
			);
			path = Locale;
			sourceTree = "<group>";
		};
		E94D17BF26AA4C2C00EC9A7C /* Repository */ = {
			isa = PBXGroup;
			children = (
				E9682EA626AA616D00A3B8D0 /* GenreRepositoryProtocol.swift */,
			);
			path = Repository;
			sourceTree = "<group>";
		};
		E9682EA326AA5FFB00A3B8D0 /* Entity */ = {
			isa = PBXGroup;
			children = (
				E9682EA426AA600D00A3B8D0 /* GenreEntity.swift */,
			);
			path = Entity;
			sourceTree = "<group>";
		};
		E9682EA826AA61A700A3B8D0 /* Model */ = {
			isa = PBXGroup;
			children = (
				E9682EA926AA61B500A3B8D0 /* GenreModel.swift */,
			);
			path = Model;
			sourceTree = "<group>";
		};
		E9682EAD26AA61FF00A3B8D0 /* UseCase */ = {
			isa = PBXGroup;
			children = (
				E9682EAB26AA61FA00A3B8D0 /* GenreUseCase.swift */,
			);
			path = UseCase;
			sourceTree = "<group>";
		};
		E9682EAE26AA62C800A3B8D0 /* View */ = {
			isa = PBXGroup;
			children = (
				E935853826AA9A590066B6D3 /* GenreList.swift */,
			);
			path = View;
			sourceTree = "<group>";
		};
		E9682EAF26AA62CE00A3B8D0 /* Presenter */ = {
			isa = PBXGroup;
			children = (
				E9682EB026AA62E100A3B8D0 /* GenrePresenter.swift */,
			);
			path = Presenter;
			sourceTree = "<group>";
		};
		E9682EB226AA656700A3B8D0 /* Network */ = {
			isa = PBXGroup;
			children = (
				E9682EB326AA657400A3B8D0 /* NetworkManager.swift */,
			);
			path = Network;
			sourceTree = "<group>";
		};
		E9682EBD26AA733900A3B8D0 /* Injection */ = {
			isa = PBXGroup;
			children = (
				E9682EBE26AA734700A3B8D0 /* Injection.swift */,
			);
			path = Injection;
			sourceTree = "<group>";
		};
		E9682EC026AA7CAE00A3B8D0 /* Base */ = {
			isa = PBXGroup;
			children = (
				E9B626D726B36FC800C62D2C /* Presenter */,
				E9CB2BD426AD87380072378A /* View */,
				E973B34326AD4F48004CC219 /* Modifiers */,
				E9DF3E7C26AC81680014B2EA /* Extensions */,
				E9682E9F26AA5EF400A3B8D0 /* NError.swift */,
				E9682EB226AA656700A3B8D0 /* Network */,
			);
			path = Base;
			sourceTree = "<group>";
		};
		E973B34326AD4F48004CC219 /* Modifiers */ = {
			isa = PBXGroup;
			children = (
				E973B34426AD4F5E004CC219 /* Modifier.swift */,
			);
			path = Modifiers;
			sourceTree = "<group>";
		};
		E9B3B0E626ADCE1300707415 /* Favorite */ = {
			isa = PBXGroup;
			children = (
				E9B3B0FF26ADE8FA00707415 /* Injector */,
				E9B3B0E926ADCE2A00707415 /* View */,
				E9B3B0E826ADCE2300707415 /* Domain */,
				E9B3B0E726ADCE1C00707415 /* Data */,
			);
			path = Favorite;
			sourceTree = "<group>";
		};
		E9B3B0E726ADCE1C00707415 /* Data */ = {
			isa = PBXGroup;
			children = (
				E9B3B0F226ADCEC300707415 /* Model */,
				E9B3B0F026ADCE7100707415 /* Locale */,
				E9B3B0EF26ADCE6900707415 /* Repository */,
			);
			path = Data;
			sourceTree = "<group>";
		};
		E9B3B0E826ADCE2300707415 /* Domain */ = {
			isa = PBXGroup;
			children = (
				E9B3B0EE26ADCE6100707415 /* Usecase */,
				E9B3B0ED26ADCE5900707415 /* Entity */,
			);
			path = Domain;
			sourceTree = "<group>";
		};
		E9B3B0E926ADCE2A00707415 /* View */ = {
			isa = PBXGroup;
			children = (
				E9B3B0EC26ADCE3800707415 /* UI */,
				E9B3B0EB26ADCE3400707415 /* Router */,
				E9B3B0EA26ADCE2E00707415 /* Presenter */,
			);
			path = View;
			sourceTree = "<group>";
		};
		E9B3B0EA26ADCE2E00707415 /* Presenter */ = {
			isa = PBXGroup;
			children = (
				E9B3B10226ADEA3700707415 /* FavoritePresenter.swift */,
			);
			path = Presenter;
			sourceTree = "<group>";
		};
		E9B3B0EB26ADCE3400707415 /* Router */ = {
			isa = PBXGroup;
			children = (
				E9B626D526B36D9400C62D2C /* FavoriteRouter.swift */,
			);
			path = Router;
			sourceTree = "<group>";
		};
		E9B3B0EC26ADCE3800707415 /* UI */ = {
			isa = PBXGroup;
			children = (
				E9B3B10626ADEC0D00707415 /* FavoriteView.swift */,
				E9B626DA26B37AD900C62D2C /* FavoriteRow.swift */,
			);
			path = UI;
			sourceTree = "<group>";
		};
		E9B3B0ED26ADCE5900707415 /* Entity */ = {
			isa = PBXGroup;
			children = (
			);
			path = Entity;
			sourceTree = "<group>";
		};
		E9B3B0EE26ADCE6100707415 /* Usecase */ = {
			isa = PBXGroup;
			children = (
				E9B3B0FD26ADE81900707415 /* FavoriteUsecase.swift */,
			);
			path = Usecase;
			sourceTree = "<group>";
		};
		E9B3B0EF26ADCE6900707415 /* Repository */ = {
			isa = PBXGroup;
			children = (
				E9B3B0F926ADE38100707415 /* FavoriteRepository.swift */,
			);
			path = Repository;
			sourceTree = "<group>";
		};
		E9B3B0F026ADCE7100707415 /* Locale */ = {
			isa = PBXGroup;
			children = (
				E9B3B0F526ADCF9300707415 /* LocaleFavoriteDataSource.swift */,
			);
			path = Locale;
			sourceTree = "<group>";
		};
		E9B3B0F226ADCEC300707415 /* Model */ = {
			isa = PBXGroup;
			children = (
				E9B3B0F326ADCEE900707415 /* FavoriteEntity.swift */,
			);
			path = Model;
			sourceTree = "<group>";
		};
		E9B3B0FF26ADE8FA00707415 /* Injector */ = {
			isa = PBXGroup;
			children = (
				E9B3B10026ADE90C00707415 /* FavoriteInjection.swift */,
			);
			path = Injector;
			sourceTree = "<group>";
		};
		E9B626D726B36FC800C62D2C /* Presenter */ = {
			isa = PBXGroup;
			children = (
				E9B626D826B36FD500C62D2C /* BasePresenter.swift */,
			);
			path = Presenter;
			sourceTree = "<group>";
		};
		E9B6D45F26AD2F9500CC8F55 /* Views */ = {
			isa = PBXGroup;
			children = (
				E9B6D46026AD2FB700CC8F55 /* DetailView.swift */,
				E9CB2BD226AD87050072378A /* DetailReview.swift */,
			);
			path = Views;
			sourceTree = "<group>";
		};
		E9CB2BC026AD819A0072378A /* DetailReview */ = {
			isa = PBXGroup;
			children = (
				E9CB2BC226AD81B90072378A /* UI */,
			);
			path = DetailReview;
			sourceTree = "<group>";
		};
		E9CB2BC226AD81B90072378A /* UI */ = {
			isa = PBXGroup;
			children = (
			);
			path = UI;
			sourceTree = "<group>";
		};
		E9CB2BC326AD82180072378A /* Review */ = {
			isa = PBXGroup;
			children = (
				E9CB2BCD26AD82DE0072378A /* Injector */,
				E9CB2BC626AD82240072378A /* UI */,
				E9CB2BC526AD82200072378A /* Domain */,
				E9CB2BC426AD821D0072378A /* Data */,
			);
			path = Review;
			sourceTree = "<group>";
		};
		E9CB2BC426AD821D0072378A /* Data */ = {
			isa = PBXGroup;
			children = (
				E9CB2BCA26AD82490072378A /* Model */,
				E9CB2BC926AD82450072378A /* Remote */,
				E9CB2BC826AD823E0072378A /* Repository */,
			);
			path = Data;
			sourceTree = "<group>";
		};
		E9CB2BC526AD82200072378A /* Domain */ = {
			isa = PBXGroup;
			children = (
				E9CB2BCB26AD82500072378A /* Entity */,
				E9CB2BC726AD822E0072378A /* Usecase */,
			);
			path = Domain;
			sourceTree = "<group>";
		};
		E9CB2BC626AD82240072378A /* UI */ = {
			isa = PBXGroup;
			children = (
				E973B34126AD4231004CC219 /* ReviewRow.swift */,
			);
			path = UI;
			sourceTree = "<group>";
		};
		E9CB2BC726AD822E0072378A /* Usecase */ = {
			isa = PBXGroup;
			children = (
				E9DF3E8726AC85B10014B2EA /* ReviewUsecase.swift */,
			);
			path = Usecase;
			sourceTree = "<group>";
		};
		E9CB2BC826AD823E0072378A /* Repository */ = {
			isa = PBXGroup;
			children = (
				E9DF3E8926AC86190014B2EA /* ReviewRepository.swift */,
			);
			path = Repository;
			sourceTree = "<group>";
		};
		E9CB2BC926AD82450072378A /* Remote */ = {
			isa = PBXGroup;
			children = (
				E9DF3E7F26AC82E00014B2EA /* ReviewRemoteDataSource.swift */,
			);
			path = Remote;
			sourceTree = "<group>";
		};
		E9CB2BCA26AD82490072378A /* Model */ = {
			isa = PBXGroup;
			children = (
				E9DF3E8126AC83F10014B2EA /* ReviewResponse.swift */,
			);
			path = Model;
			sourceTree = "<group>";
		};
		E9CB2BCB26AD82500072378A /* Entity */ = {
			isa = PBXGroup;
			children = (
				E9DF3E8326AC846F0014B2EA /* ReviewModel.swift */,
			);
			path = Entity;
			sourceTree = "<group>";
		};
		E9CB2BCD26AD82DE0072378A /* Injector */ = {
			isa = PBXGroup;
			children = (
				E9CB2BCE26AD82F80072378A /* ReviewInjection.swift */,
			);
			path = Injector;
			sourceTree = "<group>";
		};
		E9CB2BD426AD87380072378A /* View */ = {
			isa = PBXGroup;
			children = (
				E9CB2BD526AD87470072378A /* BlurView.swift */,
				E9B626D326B36C6100C62D2C /* AvatarView.swift */,
			);
			path = View;
			sourceTree = "<group>";
		};
		E9DF3E6D26AC67100014B2EA /* Router */ = {
			isa = PBXGroup;
			children = (
				E9DF3E6E26AC67690014B2EA /* GenreRouter.swift */,
			);
			path = Router;
			sourceTree = "<group>";
		};
		E9DF3E7C26AC81680014B2EA /* Extensions */ = {
			isa = PBXGroup;
			children = (
				E9DF3E7D26AC817B0014B2EA /* String+DateFormatter.swift */,
				E9DF3E8526AC85290014B2EA /* String+URL.swift */,
			);
			path = Extensions;
			sourceTree = "<group>";
		};
		E9DF3E8D26ACA5F00014B2EA /* Presenter */ = {
			isa = PBXGroup;
			children = (
				E9DF3E8E26ACA6070014B2EA /* DetailPresenter.swift */,
			);
			path = Presenter;
			sourceTree = "<group>";
		};
/* End PBXGroup section */

/* Begin PBXNativeTarget section */
		E935852B26AA967E0066B6D3 /* NetXMovTests */ = {
			isa = PBXNativeTarget;
			buildConfigurationList = E935853326AA967E0066B6D3 /* Build configuration list for PBXNativeTarget "NetXMovTests" */;
			buildPhases = (
				E935852826AA967E0066B6D3 /* Sources */,
				E935852926AA967E0066B6D3 /* Frameworks */,
				E935852A26AA967E0066B6D3 /* Resources */,
			);
			buildRules = (
			);
			dependencies = (
				E935853226AA967E0066B6D3 /* PBXTargetDependency */,
			);
			name = NetXMovTests;
			productName = NetXMovTests;
			productReference = E935852C26AA967E0066B6D3 /* NetXMovTests.xctest */;
			productType = "com.apple.product-type.bundle.unit-test";
		};
		E94D177D26AA4A1E00EC9A7C /* NetXMov */ = {
			isa = PBXNativeTarget;
			buildConfigurationList = E94D17A826AA4A2000EC9A7C /* Build configuration list for PBXNativeTarget "NetXMov" */;
			buildPhases = (
				E94D177A26AA4A1E00EC9A7C /* Sources */,
				E94D177B26AA4A1E00EC9A7C /* Frameworks */,
				E94D177C26AA4A1E00EC9A7C /* Resources */,
			);
			buildRules = (
			);
			dependencies = (
			);
			name = NetXMov;
			packageProductDependencies = (
				E9682EB626AA66BC00A3B8D0 /* Alamofire */,
				E9682EB926AA711100A3B8D0 /* RealmSwift */,
				E9682EBB26AA711100A3B8D0 /* Realm */,
				E94B8E9326ABB5F4008B7AC0 /* SDWebImageSwiftUI */,
				E9AB197826B0B585007B47CF /* RxSwift */,
				E9AB197A26B0B585007B47CF /* RxCocoa */,
			);
			productName = NetXMov;
			productReference = E94D177E26AA4A1E00EC9A7C /* NetXMov.app */;
			productType = "com.apple.product-type.application";
		};
		E94D179E26AA4A2000EC9A7C /* NetXMovUITests */ = {
			isa = PBXNativeTarget;
			buildConfigurationList = E94D17AE26AA4A2000EC9A7C /* Build configuration list for PBXNativeTarget "NetXMovUITests" */;
			buildPhases = (
				E94D179B26AA4A2000EC9A7C /* Sources */,
				E94D179C26AA4A2000EC9A7C /* Frameworks */,
				E94D179D26AA4A2000EC9A7C /* Resources */,
			);
			buildRules = (
			);
			dependencies = (
				E94D17A126AA4A2000EC9A7C /* PBXTargetDependency */,
			);
			name = NetXMovUITests;
			productName = NetXMovUITests;
			productReference = E94D179F26AA4A2000EC9A7C /* NetXMovUITests.xctest */;
			productType = "com.apple.product-type.bundle.ui-testing";
		};
/* End PBXNativeTarget section */

/* Begin PBXProject section */
		E94D177626AA4A1E00EC9A7C /* Project object */ = {
			isa = PBXProject;
			attributes = {
				LastSwiftUpdateCheck = 1250;
				LastUpgradeCheck = 1250;
				TargetAttributes = {
					E935852B26AA967E0066B6D3 = {
						CreatedOnToolsVersion = 12.5.1;
						TestTargetID = E94D177D26AA4A1E00EC9A7C;
					};
					E94D177D26AA4A1E00EC9A7C = {
						CreatedOnToolsVersion = 12.5.1;
					};
					E94D179E26AA4A2000EC9A7C = {
						CreatedOnToolsVersion = 12.5.1;
						TestTargetID = E94D177D26AA4A1E00EC9A7C;
					};
				};
			};
			buildConfigurationList = E94D177926AA4A1E00EC9A7C /* Build configuration list for PBXProject "NetXMov" */;
			compatibilityVersion = "Xcode 9.3";
			developmentRegion = en;
			hasScannedForEncodings = 0;
			knownRegions = (
				en,
				Base,
			);
			mainGroup = E94D177526AA4A1E00EC9A7C;
			packageReferences = (
				E9682EB526AA66BC00A3B8D0 /* XCRemoteSwiftPackageReference "Alamofire" */,
				E9682EB826AA711100A3B8D0 /* XCRemoteSwiftPackageReference "realm-cocoa" */,
				E94B8E9226ABB5F4008B7AC0 /* XCRemoteSwiftPackageReference "SDWebImageSwiftUI" */,
				E9AB197726B0B585007B47CF /* XCRemoteSwiftPackageReference "RxSwift" */,
			);
			productRefGroup = E94D177F26AA4A1E00EC9A7C /* Products */;
			projectDirPath = "";
			projectRoot = "";
			targets = (
				E94D177D26AA4A1E00EC9A7C /* NetXMov */,
				E94D179E26AA4A2000EC9A7C /* NetXMovUITests */,
				E935852B26AA967E0066B6D3 /* NetXMovTests */,
			);
		};
/* End PBXProject section */

/* Begin PBXResourcesBuildPhase section */
		E935852A26AA967E0066B6D3 /* Resources */ = {
			isa = PBXResourcesBuildPhase;
			buildActionMask = 2147483647;
			files = (
				E935853726AA96F00066B6D3 /* GenreMock.json in Resources */,
			);
			runOnlyForDeploymentPostprocessing = 0;
		};
		E94D177C26AA4A1E00EC9A7C /* Resources */ = {
			isa = PBXResourcesBuildPhase;
			buildActionMask = 2147483647;
			files = (
				E94D178E26AA4A1F00EC9A7C /* LaunchScreen.storyboard in Resources */,
				E94D178B26AA4A1F00EC9A7C /* Preview Assets.xcassets in Resources */,
				E94D178826AA4A1F00EC9A7C /* Assets.xcassets in Resources */,
			);
			runOnlyForDeploymentPostprocessing = 0;
		};
		E94D179D26AA4A2000EC9A7C /* Resources */ = {
			isa = PBXResourcesBuildPhase;
			buildActionMask = 2147483647;
			files = (
			);
			runOnlyForDeploymentPostprocessing = 0;
		};
/* End PBXResourcesBuildPhase section */

/* Begin PBXSourcesBuildPhase section */
		E935852826AA967E0066B6D3 /* Sources */ = {
			isa = PBXSourcesBuildPhase;
			buildActionMask = 2147483647;
			files = (
				E935852F26AA967E0066B6D3 /* NetXMovTests.swift in Sources */,
			);
			runOnlyForDeploymentPostprocessing = 0;
		};
		E94D177A26AA4A1E00EC9A7C /* Sources */ = {
			isa = PBXSourcesBuildPhase;
			buildActionMask = 2147483647;
			files = (
				E91D8D0F26AB387900B2410C /* DiscoverInjection.swift in Sources */,
				E9B3B10726ADEC0D00707415 /* FavoriteView.swift in Sources */,
				E9DF3E6F26AC67690014B2EA /* GenreRouter.swift in Sources */,
				E9B3B10326ADEA3700707415 /* FavoritePresenter.swift in Sources */,
				E9B3B0E326ADB2F300707415 /* MovieRow.swift in Sources */,
				E9B6D46126AD2FB700CC8F55 /* DetailView.swift in Sources */,
				E9DF3E8A26AC86190014B2EA /* ReviewRepository.swift in Sources */,
				E9682EB126AA62E100A3B8D0 /* GenrePresenter.swift in Sources */,
				E9DF3E8226AC83F10014B2EA /* ReviewResponse.swift in Sources */,
				E9B3B0F626ADCF9300707415 /* LocaleFavoriteDataSource.swift in Sources */,
				E9682EA726AA616D00A3B8D0 /* GenreRepositoryProtocol.swift in Sources */,
				E9DF3E8026AC82E00014B2EA /* ReviewRemoteDataSource.swift in Sources */,
				E9682EAA26AA61B500A3B8D0 /* GenreModel.swift in Sources */,
				E9682EB426AA657400A3B8D0 /* NetworkManager.swift in Sources */,
				E9DF3E7326AC68000014B2EA /* DetailMovieView.swift in Sources */,
				E9B626DB26B37AD900C62D2C /* FavoriteRow.swift in Sources */,
				E9682EA026AA5EF400A3B8D0 /* NError.swift in Sources */,
				E93F28E526AB11F500476F84 /* MovieView.swift in Sources */,
				E927125B26AFFC2400A4B78D /* AboutView.swift in Sources */,
				E9B626D926B36FD500C62D2C /* BasePresenter.swift in Sources */,
				E9DF3E8826AC85B10014B2EA /* ReviewUsecase.swift in Sources */,
				E94D178226AA4A1E00EC9A7C /* AppDelegate.swift in Sources */,
				E9B3B10126ADE90C00707415 /* FavoriteInjection.swift in Sources */,
				E9682EAC26AA61FA00A3B8D0 /* GenreUseCase.swift in Sources */,
				E9CB2BD626AD87470072378A /* BlurView.swift in Sources */,
				E935853926AA9A590066B6D3 /* GenreList.swift in Sources */,
				E9682EBF26AA734700A3B8D0 /* Injection.swift in Sources */,
				E91D8D0A26AB35FC00B2410C /* DiscoverModel.swift in Sources */,
				E9DF3E7E26AC817B0014B2EA /* String+DateFormatter.swift in Sources */,
				E9B626D226B36BF200C62D2C /* TextView.swift in Sources */,
				E91D8D0226AB345900B2410C /* DiscoverRemoteDataSource.swift in Sources */,
				E9682EA526AA600D00A3B8D0 /* GenreEntity.swift in Sources */,
				E9B3B0F426ADCEE900707415 /* FavoriteEntity.swift in Sources */,
				E9DF3E8626AC85290014B2EA /* String+URL.swift in Sources */,
				E973B34226AD4231004CC219 /* ReviewRow.swift in Sources */,
				E91D8D0626AB34E500B2410C /* DiscoverResponse.swift in Sources */,
				E9B3B0F826ADD64200707415 /* LocaleMovieDataSource.swift in Sources */,
				E91D8D0426AB347900B2410C /* DiscoverRepository.swift in Sources */,
				E9682E9D26AA5E6800A3B8D0 /* GenreRemoteDataSourceProtocol.swift in Sources */,
				E91D8D0C26AB366B00B2410C /* DiscoverUseCase.swift in Sources */,
				E94D178426AA4A1E00EC9A7C /* SceneDelegate.swift in Sources */,
				E9B3B0FA26ADE38100707415 /* FavoriteRepository.swift in Sources */,
				E9CB2BD326AD87050072378A /* DetailReview.swift in Sources */,
				E973B34526AD4F5E004CC219 /* Modifier.swift in Sources */,
				E9B3B0FE26ADE81900707415 /* FavoriteUsecase.swift in Sources */,
				E9682EA226AA5FB100A3B8D0 /* GenreLocalDataSourceProtocol.swift in Sources */,
				E9682E9B26AA5DB500A3B8D0 /* GenreResponse.swift in Sources */,
				E9B626D426B36C6100C62D2C /* AvatarView.swift in Sources */,
				E9682EC726AA7D9000A3B8D0 /* MainView.swift in Sources */,
				E9B626D626B36D9400C62D2C /* FavoriteRouter.swift in Sources */,
				E9DF3E8426AC846F0014B2EA /* ReviewModel.swift in Sources */,
				E9DF3E8F26ACA6070014B2EA /* DetailPresenter.swift in Sources */,
				E9CB2BCF26AD82F80072378A /* ReviewInjection.swift in Sources */,
			);
			runOnlyForDeploymentPostprocessing = 0;
		};
		E94D179B26AA4A2000EC9A7C /* Sources */ = {
			isa = PBXSourcesBuildPhase;
			buildActionMask = 2147483647;
			files = (
				E94D17A426AA4A2000EC9A7C /* NetXMovUITests.swift in Sources */,
			);
			runOnlyForDeploymentPostprocessing = 0;
		};
/* End PBXSourcesBuildPhase section */

/* Begin PBXTargetDependency section */
		E935853226AA967E0066B6D3 /* PBXTargetDependency */ = {
			isa = PBXTargetDependency;
			target = E94D177D26AA4A1E00EC9A7C /* NetXMov */;
			targetProxy = E935853126AA967E0066B6D3 /* PBXContainerItemProxy */;
		};
		E94D17A126AA4A2000EC9A7C /* PBXTargetDependency */ = {
			isa = PBXTargetDependency;
			target = E94D177D26AA4A1E00EC9A7C /* NetXMov */;
			targetProxy = E94D17A026AA4A2000EC9A7C /* PBXContainerItemProxy */;
		};
/* End PBXTargetDependency section */

/* Begin PBXVariantGroup section */
		E94D178C26AA4A1F00EC9A7C /* LaunchScreen.storyboard */ = {
			isa = PBXVariantGroup;
			children = (
				E94D178D26AA4A1F00EC9A7C /* Base */,
			);
			name = LaunchScreen.storyboard;
			sourceTree = "<group>";
		};
/* End PBXVariantGroup section */

/* Begin XCBuildConfiguration section */
		E935853426AA967E0066B6D3 /* Debug */ = {
			isa = XCBuildConfiguration;
			buildSettings = {
				BUNDLE_LOADER = "$(TEST_HOST)";
				CODE_SIGN_STYLE = Automatic;
				INFOPLIST_FILE = NetXMovTests/Info.plist;
				LD_RUNPATH_SEARCH_PATHS = (
					"$(inherited)",
					"@executable_path/Frameworks",
					"@loader_path/Frameworks",
				);
				PRODUCT_BUNDLE_IDENTIFIER = com.ngadekdewe.NetXMovTests;
				PRODUCT_NAME = "$(TARGET_NAME)";
				SWIFT_VERSION = 5.0;
				TARGETED_DEVICE_FAMILY = "1,2";
				TEST_HOST = "$(BUILT_PRODUCTS_DIR)/NetXMov.app/NetXMov";
			};
			name = Debug;
		};
		E935853526AA967E0066B6D3 /* Release */ = {
			isa = XCBuildConfiguration;
			buildSettings = {
				BUNDLE_LOADER = "$(TEST_HOST)";
				CODE_SIGN_STYLE = Automatic;
				INFOPLIST_FILE = NetXMovTests/Info.plist;
				LD_RUNPATH_SEARCH_PATHS = (
					"$(inherited)",
					"@executable_path/Frameworks",
					"@loader_path/Frameworks",
				);
				PRODUCT_BUNDLE_IDENTIFIER = com.ngadekdewe.NetXMovTests;
				PRODUCT_NAME = "$(TARGET_NAME)";
				SWIFT_VERSION = 5.0;
				TARGETED_DEVICE_FAMILY = "1,2";
				TEST_HOST = "$(BUILT_PRODUCTS_DIR)/NetXMov.app/NetXMov";
			};
			name = Release;
		};
		E94D17A626AA4A2000EC9A7C /* Debug */ = {
			isa = XCBuildConfiguration;
			buildSettings = {
				ALWAYS_SEARCH_USER_PATHS = NO;
				CLANG_ANALYZER_NONNULL = YES;
				CLANG_ANALYZER_NUMBER_OBJECT_CONVERSION = YES_AGGRESSIVE;
				CLANG_CXX_LANGUAGE_STANDARD = "gnu++14";
				CLANG_CXX_LIBRARY = "libc++";
				CLANG_ENABLE_MODULES = YES;
				CLANG_ENABLE_OBJC_ARC = YES;
				CLANG_ENABLE_OBJC_WEAK = YES;
				CLANG_WARN_BLOCK_CAPTURE_AUTORELEASING = YES;
				CLANG_WARN_BOOL_CONVERSION = YES;
				CLANG_WARN_COMMA = YES;
				CLANG_WARN_CONSTANT_CONVERSION = YES;
				CLANG_WARN_DEPRECATED_OBJC_IMPLEMENTATIONS = YES;
				CLANG_WARN_DIRECT_OBJC_ISA_USAGE = YES_ERROR;
				CLANG_WARN_DOCUMENTATION_COMMENTS = YES;
				CLANG_WARN_EMPTY_BODY = YES;
				CLANG_WARN_ENUM_CONVERSION = YES;
				CLANG_WARN_INFINITE_RECURSION = YES;
				CLANG_WARN_INT_CONVERSION = YES;
				CLANG_WARN_NON_LITERAL_NULL_CONVERSION = YES;
				CLANG_WARN_OBJC_IMPLICIT_RETAIN_SELF = YES;
				CLANG_WARN_OBJC_LITERAL_CONVERSION = YES;
				CLANG_WARN_OBJC_ROOT_CLASS = YES_ERROR;
				CLANG_WARN_QUOTED_INCLUDE_IN_FRAMEWORK_HEADER = YES;
				CLANG_WARN_RANGE_LOOP_ANALYSIS = YES;
				CLANG_WARN_STRICT_PROTOTYPES = YES;
				CLANG_WARN_SUSPICIOUS_MOVE = YES;
				CLANG_WARN_UNGUARDED_AVAILABILITY = YES_AGGRESSIVE;
				CLANG_WARN_UNREACHABLE_CODE = YES;
				CLANG_WARN__DUPLICATE_METHOD_MATCH = YES;
				COPY_PHASE_STRIP = NO;
				DEBUG_INFORMATION_FORMAT = dwarf;
				ENABLE_STRICT_OBJC_MSGSEND = YES;
				ENABLE_TESTABILITY = YES;
				GCC_C_LANGUAGE_STANDARD = gnu11;
				GCC_DYNAMIC_NO_PIC = NO;
				GCC_NO_COMMON_BLOCKS = YES;
				GCC_OPTIMIZATION_LEVEL = 0;
				GCC_PREPROCESSOR_DEFINITIONS = (
					"DEBUG=1",
					"$(inherited)",
				);
				GCC_WARN_64_TO_32_BIT_CONVERSION = YES;
				GCC_WARN_ABOUT_RETURN_TYPE = YES_ERROR;
				GCC_WARN_UNDECLARED_SELECTOR = YES;
				GCC_WARN_UNINITIALIZED_AUTOS = YES_AGGRESSIVE;
				GCC_WARN_UNUSED_FUNCTION = YES;
				GCC_WARN_UNUSED_VARIABLE = YES;
				IPHONEOS_DEPLOYMENT_TARGET = 14.5;
				MTL_ENABLE_DEBUG_INFO = INCLUDE_SOURCE;
				MTL_FAST_MATH = YES;
				ONLY_ACTIVE_ARCH = YES;
				SDKROOT = iphoneos;
				SWIFT_ACTIVE_COMPILATION_CONDITIONS = DEBUG;
				SWIFT_OPTIMIZATION_LEVEL = "-Onone";
			};
			name = Debug;
		};
		E94D17A726AA4A2000EC9A7C /* Release */ = {
			isa = XCBuildConfiguration;
			buildSettings = {
				ALWAYS_SEARCH_USER_PATHS = NO;
				CLANG_ANALYZER_NONNULL = YES;
				CLANG_ANALYZER_NUMBER_OBJECT_CONVERSION = YES_AGGRESSIVE;
				CLANG_CXX_LANGUAGE_STANDARD = "gnu++14";
				CLANG_CXX_LIBRARY = "libc++";
				CLANG_ENABLE_MODULES = YES;
				CLANG_ENABLE_OBJC_ARC = YES;
				CLANG_ENABLE_OBJC_WEAK = YES;
				CLANG_WARN_BLOCK_CAPTURE_AUTORELEASING = YES;
				CLANG_WARN_BOOL_CONVERSION = YES;
				CLANG_WARN_COMMA = YES;
				CLANG_WARN_CONSTANT_CONVERSION = YES;
				CLANG_WARN_DEPRECATED_OBJC_IMPLEMENTATIONS = YES;
				CLANG_WARN_DIRECT_OBJC_ISA_USAGE = YES_ERROR;
				CLANG_WARN_DOCUMENTATION_COMMENTS = YES;
				CLANG_WARN_EMPTY_BODY = YES;
				CLANG_WARN_ENUM_CONVERSION = YES;
				CLANG_WARN_INFINITE_RECURSION = YES;
				CLANG_WARN_INT_CONVERSION = YES;
				CLANG_WARN_NON_LITERAL_NULL_CONVERSION = YES;
				CLANG_WARN_OBJC_IMPLICIT_RETAIN_SELF = YES;
				CLANG_WARN_OBJC_LITERAL_CONVERSION = YES;
				CLANG_WARN_OBJC_ROOT_CLASS = YES_ERROR;
				CLANG_WARN_QUOTED_INCLUDE_IN_FRAMEWORK_HEADER = YES;
				CLANG_WARN_RANGE_LOOP_ANALYSIS = YES;
				CLANG_WARN_STRICT_PROTOTYPES = YES;
				CLANG_WARN_SUSPICIOUS_MOVE = YES;
				CLANG_WARN_UNGUARDED_AVAILABILITY = YES_AGGRESSIVE;
				CLANG_WARN_UNREACHABLE_CODE = YES;
				CLANG_WARN__DUPLICATE_METHOD_MATCH = YES;
				COPY_PHASE_STRIP = NO;
				DEBUG_INFORMATION_FORMAT = "dwarf-with-dsym";
				ENABLE_NS_ASSERTIONS = NO;
				ENABLE_STRICT_OBJC_MSGSEND = YES;
				GCC_C_LANGUAGE_STANDARD = gnu11;
				GCC_NO_COMMON_BLOCKS = YES;
				GCC_WARN_64_TO_32_BIT_CONVERSION = YES;
				GCC_WARN_ABOUT_RETURN_TYPE = YES_ERROR;
				GCC_WARN_UNDECLARED_SELECTOR = YES;
				GCC_WARN_UNINITIALIZED_AUTOS = YES_AGGRESSIVE;
				GCC_WARN_UNUSED_FUNCTION = YES;
				GCC_WARN_UNUSED_VARIABLE = YES;
				IPHONEOS_DEPLOYMENT_TARGET = 14.5;
				MTL_ENABLE_DEBUG_INFO = NO;
				MTL_FAST_MATH = YES;
				SDKROOT = iphoneos;
				SWIFT_COMPILATION_MODE = wholemodule;
				SWIFT_OPTIMIZATION_LEVEL = "-O";
				VALIDATE_PRODUCT = YES;
			};
			name = Release;
		};
		E94D17A926AA4A2000EC9A7C /* Debug */ = {
			isa = XCBuildConfiguration;
			buildSettings = {
				ASSETCATALOG_COMPILER_APPICON_NAME = AppIcon;
				ASSETCATALOG_COMPILER_GLOBAL_ACCENT_COLOR_NAME = AccentColor;
				CODE_SIGN_STYLE = Automatic;
				DEVELOPMENT_ASSET_PATHS = "\"NetXMov/Preview Content\"";
				DEVELOPMENT_TEAM = 9D8ZQYK4CB;
				ENABLE_PREVIEWS = YES;
				INFOPLIST_FILE = NetXMov/SupportFiles/Info.plist;
				LD_RUNPATH_SEARCH_PATHS = (
					"$(inherited)",
					"@executable_path/Frameworks",
				);
				PRODUCT_BUNDLE_IDENTIFIER = com.dioilham.NetXMov;
				PRODUCT_NAME = "$(TARGET_NAME)";
				SWIFT_VERSION = 5.0;
				TARGETED_DEVICE_FAMILY = "1,2";
			};
			name = Debug;
		};
		E94D17AA26AA4A2000EC9A7C /* Release */ = {
			isa = XCBuildConfiguration;
			buildSettings = {
				ASSETCATALOG_COMPILER_APPICON_NAME = AppIcon;
				ASSETCATALOG_COMPILER_GLOBAL_ACCENT_COLOR_NAME = AccentColor;
				CODE_SIGN_STYLE = Automatic;
				DEVELOPMENT_ASSET_PATHS = "\"NetXMov/Preview Content\"";
				DEVELOPMENT_TEAM = 9D8ZQYK4CB;
				ENABLE_PREVIEWS = YES;
				INFOPLIST_FILE = NetXMov/SupportFiles/Info.plist;
				LD_RUNPATH_SEARCH_PATHS = (
					"$(inherited)",
					"@executable_path/Frameworks",
				);
				PRODUCT_BUNDLE_IDENTIFIER = com.dioilham.NetXMov;
				PRODUCT_NAME = "$(TARGET_NAME)";
				SWIFT_VERSION = 5.0;
				TARGETED_DEVICE_FAMILY = "1,2";
			};
			name = Release;
		};
		E94D17AF26AA4A2000EC9A7C /* Debug */ = {
			isa = XCBuildConfiguration;
			buildSettings = {
				ALWAYS_EMBED_SWIFT_STANDARD_LIBRARIES = YES;
				CODE_SIGN_STYLE = Automatic;
				INFOPLIST_FILE = NetXMovUITests/Info.plist;
				LD_RUNPATH_SEARCH_PATHS = (
					"$(inherited)",
					"@executable_path/Frameworks",
					"@loader_path/Frameworks",
				);
				PRODUCT_BUNDLE_IDENTIFIER = com.ngadekdewe.NetXMovUITests;
				PRODUCT_NAME = "$(TARGET_NAME)";
				SWIFT_VERSION = 5.0;
				TARGETED_DEVICE_FAMILY = "1,2";
				TEST_TARGET_NAME = NetXMov;
			};
			name = Debug;
		};
		E94D17B026AA4A2000EC9A7C /* Release */ = {
			isa = XCBuildConfiguration;
			buildSettings = {
				ALWAYS_EMBED_SWIFT_STANDARD_LIBRARIES = YES;
				CODE_SIGN_STYLE = Automatic;
				INFOPLIST_FILE = NetXMovUITests/Info.plist;
				LD_RUNPATH_SEARCH_PATHS = (
					"$(inherited)",
					"@executable_path/Frameworks",
					"@loader_path/Frameworks",
				);
				PRODUCT_BUNDLE_IDENTIFIER = com.ngadekdewe.NetXMovUITests;
				PRODUCT_NAME = "$(TARGET_NAME)";
				SWIFT_VERSION = 5.0;
				TARGETED_DEVICE_FAMILY = "1,2";
				TEST_TARGET_NAME = NetXMov;
			};
			name = Release;
		};
/* End XCBuildConfiguration section */

/* Begin XCConfigurationList section */
		E935853326AA967E0066B6D3 /* Build configuration list for PBXNativeTarget "NetXMovTests" */ = {
			isa = XCConfigurationList;
			buildConfigurations = (
				E935853426AA967E0066B6D3 /* Debug */,
				E935853526AA967E0066B6D3 /* Release */,
			);
			defaultConfigurationIsVisible = 0;
			defaultConfigurationName = Release;
		};
		E94D177926AA4A1E00EC9A7C /* Build configuration list for PBXProject "NetXMov" */ = {
			isa = XCConfigurationList;
			buildConfigurations = (
				E94D17A626AA4A2000EC9A7C /* Debug */,
				E94D17A726AA4A2000EC9A7C /* Release */,
			);
			defaultConfigurationIsVisible = 0;
			defaultConfigurationName = Release;
		};
		E94D17A826AA4A2000EC9A7C /* Build configuration list for PBXNativeTarget "NetXMov" */ = {
			isa = XCConfigurationList;
			buildConfigurations = (
				E94D17A926AA4A2000EC9A7C /* Debug */,
				E94D17AA26AA4A2000EC9A7C /* Release */,
			);
			defaultConfigurationIsVisible = 0;
			defaultConfigurationName = Release;
		};
		E94D17AE26AA4A2000EC9A7C /* Build configuration list for PBXNativeTarget "NetXMovUITests" */ = {
			isa = XCConfigurationList;
			buildConfigurations = (
				E94D17AF26AA4A2000EC9A7C /* Debug */,
				E94D17B026AA4A2000EC9A7C /* Release */,
			);
			defaultConfigurationIsVisible = 0;
			defaultConfigurationName = Release;
		};
/* End XCConfigurationList section */

/* Begin XCRemoteSwiftPackageReference section */
		E94B8E9226ABB5F4008B7AC0 /* XCRemoteSwiftPackageReference "SDWebImageSwiftUI" */ = {
			isa = XCRemoteSwiftPackageReference;
			repositoryURL = "https://github.com/SDWebImage/SDWebImageSwiftUI";
			requirement = {
				kind = upToNextMajorVersion;
				minimumVersion = 2.0.2;
			};
		};
		E9682EB526AA66BC00A3B8D0 /* XCRemoteSwiftPackageReference "Alamofire" */ = {
			isa = XCRemoteSwiftPackageReference;
			repositoryURL = "https://github.com/Alamofire/Alamofire";
			requirement = {
				kind = upToNextMajorVersion;
				minimumVersion = 5.4.3;
			};
		};
		E9682EB826AA711100A3B8D0 /* XCRemoteSwiftPackageReference "realm-cocoa" */ = {
			isa = XCRemoteSwiftPackageReference;
			repositoryURL = "https://github.com/realm/realm-cocoa";
			requirement = {
				kind = upToNextMajorVersion;
				minimumVersion = 10.11.0;
			};
		};
		E9AB197726B0B585007B47CF /* XCRemoteSwiftPackageReference "RxSwift" */ = {
			isa = XCRemoteSwiftPackageReference;
			repositoryURL = "https://github.com/ReactiveX/RxSwift";
			requirement = {
				kind = upToNextMajorVersion;
				minimumVersion = 6.2.0;
			};
		};
/* End XCRemoteSwiftPackageReference section */

/* Begin XCSwiftPackageProductDependency section */
		E94B8E9326ABB5F4008B7AC0 /* SDWebImageSwiftUI */ = {
			isa = XCSwiftPackageProductDependency;
			package = E94B8E9226ABB5F4008B7AC0 /* XCRemoteSwiftPackageReference "SDWebImageSwiftUI" */;
			productName = SDWebImageSwiftUI;
		};
		E9682EB626AA66BC00A3B8D0 /* Alamofire */ = {
			isa = XCSwiftPackageProductDependency;
			package = E9682EB526AA66BC00A3B8D0 /* XCRemoteSwiftPackageReference "Alamofire" */;
			productName = Alamofire;
		};
		E9682EB926AA711100A3B8D0 /* RealmSwift */ = {
			isa = XCSwiftPackageProductDependency;
			package = E9682EB826AA711100A3B8D0 /* XCRemoteSwiftPackageReference "realm-cocoa" */;
			productName = RealmSwift;
		};
		E9682EBB26AA711100A3B8D0 /* Realm */ = {
			isa = XCSwiftPackageProductDependency;
			package = E9682EB826AA711100A3B8D0 /* XCRemoteSwiftPackageReference "realm-cocoa" */;
			productName = Realm;
		};
		E9AB197826B0B585007B47CF /* RxSwift */ = {
			isa = XCSwiftPackageProductDependency;
			package = E9AB197726B0B585007B47CF /* XCRemoteSwiftPackageReference "RxSwift" */;
			productName = RxSwift;
		};
		E9AB197A26B0B585007B47CF /* RxCocoa */ = {
			isa = XCSwiftPackageProductDependency;
			package = E9AB197726B0B585007B47CF /* XCRemoteSwiftPackageReference "RxSwift" */;
			productName = RxCocoa;
		};
/* End XCSwiftPackageProductDependency section */
	};
	rootObject = E94D177626AA4A1E00EC9A7C /* Project object */;
}
